// !$*UTF8*$!
{
	archiveVersion = 1;
	classes = {
	};
	objectVersion = 46;
	objects = {

/* Begin PBXBuildFile section */
		9C58A6F81C8C15C90099ACCF /* ProfileStoryboard.storyboard in Resources */ = {isa = PBXBuildFile; fileRef = 9C58A6F51C8C15C90099ACCF /* ProfileStoryboard.storyboard */; };
		9C58A6F91C8C15C90099ACCF /* ProfileViewController.swift in Sources */ = {isa = PBXBuildFile; fileRef = 9C58A6F61C8C15C90099ACCF /* ProfileViewController.swift */; };
		9C58A6FB1C8C226B0099ACCF /* DataManager.swift in Sources */ = {isa = PBXBuildFile; fileRef = 9C58A6FA1C8C226B0099ACCF /* DataManager.swift */; };
		9C58A7001C8C430B0099ACCF /* BadgeTableViewCell.swift in Sources */ = {isa = PBXBuildFile; fileRef = 9C58A6FF1C8C430B0099ACCF /* BadgeTableViewCell.swift */; };
		9C58A7031C8C92DC0099ACCF /* TaskViewController.swift in Sources */ = {isa = PBXBuildFile; fileRef = 9C58A7021C8C92DC0099ACCF /* TaskViewController.swift */; };
		9C58A7051C8CA0060099ACCF /* BadgeViewController.swift in Sources */ = {isa = PBXBuildFile; fileRef = 9C58A7041C8CA0060099ACCF /* BadgeViewController.swift */; };
		9C58A7081C8CAAA80099ACCF /* Assets.xcassets in Resources */ = {isa = PBXBuildFile; fileRef = 9C58A7071C8CAAA80099ACCF /* Assets.xcassets */; };
		9CB8D6121C8B6BD6007F39D4 /* AppDelegate.swift in Sources */ = {isa = PBXBuildFile; fileRef = 9CB8D6111C8B6BD6007F39D4 /* AppDelegate.swift */; };
		9CB8D6141C8B6BD6007F39D4 /* ListViewController.swift in Sources */ = {isa = PBXBuildFile; fileRef = 9CB8D6131C8B6BD6007F39D4 /* ListViewController.swift */; };
		9CB8D6171C8B6BD6007F39D4 /* Main.storyboard in Resources */ = {isa = PBXBuildFile; fileRef = 9CB8D6151C8B6BD6007F39D4 /* Main.storyboard */; };
		9CB8D61C1C8B6BD6007F39D4 /* LaunchScreen.storyboard in Resources */ = {isa = PBXBuildFile; fileRef = 9CB8D61A1C8B6BD6007F39D4 /* LaunchScreen.storyboard */; };
		9CB8D6261C8B9368007F39D4 /* test.storyboard in Resources */ = {isa = PBXBuildFile; fileRef = 9CB8D6251C8B9368007F39D4 /* test.storyboard */; };
		9CB8D6301C8BD92A007F39D4 /* ProfileMainViewController.swift in Sources */ = {isa = PBXBuildFile; fileRef = 9CB8D62F1C8BD92A007F39D4 /* ProfileMainViewController.swift */; };
		9CB8D6341C8BE99D007F39D4 /* TransitionManager.swift in Sources */ = {isa = PBXBuildFile; fileRef = 9CB8D6331C8BE99D007F39D4 /* TransitionManager.swift */; };
		9CB8D6361C8BFE09007F39D4 /* TableViewCell.swift in Sources */ = {isa = PBXBuildFile; fileRef = 9CB8D6351C8BFE09007F39D4 /* TableViewCell.swift */; };
		9CB8D6381C8C0A30007F39D4 /* ActivityViewController.swift in Sources */ = {isa = PBXBuildFile; fileRef = 9CB8D6371C8C0A30007F39D4 /* ActivityViewController.swift */; };
/* End PBXBuildFile section */

/* Begin PBXFileReference section */
		9C58A6F51C8C15C90099ACCF /* ProfileStoryboard.storyboard */ = {isa = PBXFileReference; fileEncoding = 4; lastKnownFileType = file.storyboard; path = ProfileStoryboard.storyboard; sourceTree = "<group>"; };
		9C58A6F61C8C15C90099ACCF /* ProfileViewController.swift */ = {isa = PBXFileReference; fileEncoding = 4; lastKnownFileType = sourcecode.swift; path = ProfileViewController.swift; sourceTree = "<group>"; };
		9C58A6FA1C8C226B0099ACCF /* DataManager.swift */ = {isa = PBXFileReference; fileEncoding = 4; lastKnownFileType = sourcecode.swift; path = DataManager.swift; sourceTree = "<group>"; };
		9C58A6FF1C8C430B0099ACCF /* BadgeTableViewCell.swift */ = {isa = PBXFileReference; fileEncoding = 4; lastKnownFileType = sourcecode.swift; path = BadgeTableViewCell.swift; sourceTree = "<group>"; };
		9C58A7021C8C92DC0099ACCF /* TaskViewController.swift */ = {isa = PBXFileReference; fileEncoding = 4; lastKnownFileType = sourcecode.swift; path = TaskViewController.swift; sourceTree = "<group>"; };
		9C58A7041C8CA0060099ACCF /* BadgeViewController.swift */ = {isa = PBXFileReference; fileEncoding = 4; lastKnownFileType = sourcecode.swift; path = BadgeViewController.swift; sourceTree = "<group>"; };
		9C58A7071C8CAAA80099ACCF /* Assets.xcassets */ = {isa = PBXFileReference; lastKnownFileType = folder.assetcatalog; path = Assets.xcassets; sourceTree = "<group>"; };
		9CB8D60E1C8B6BD6007F39D4 /* KnackApp.app */ = {isa = PBXFileReference; explicitFileType = wrapper.application; includeInIndex = 0; path = KnackApp.app; sourceTree = BUILT_PRODUCTS_DIR; };
		9CB8D6111C8B6BD6007F39D4 /* AppDelegate.swift */ = {isa = PBXFileReference; lastKnownFileType = sourcecode.swift; path = AppDelegate.swift; sourceTree = "<group>"; };
		9CB8D6131C8B6BD6007F39D4 /* ListViewController.swift */ = {isa = PBXFileReference; lastKnownFileType = sourcecode.swift; path = ListViewController.swift; sourceTree = "<group>"; };
		9CB8D6161C8B6BD6007F39D4 /* Base */ = {isa = PBXFileReference; lastKnownFileType = file.storyboard; name = Base; path = Base.lproj/Main.storyboard; sourceTree = "<group>"; };
		9CB8D61B1C8B6BD6007F39D4 /* Base */ = {isa = PBXFileReference; lastKnownFileType = file.storyboard; name = Base; path = Base.lproj/LaunchScreen.storyboard; sourceTree = "<group>"; };
		9CB8D61D1C8B6BD6007F39D4 /* Info.plist */ = {isa = PBXFileReference; lastKnownFileType = text.plist.xml; path = Info.plist; sourceTree = "<group>"; };
		9CB8D6251C8B9368007F39D4 /* test.storyboard */ = {isa = PBXFileReference; fileEncoding = 4; lastKnownFileType = file.storyboard; path = test.storyboard; sourceTree = "<group>"; };
		9CB8D62F1C8BD92A007F39D4 /* ProfileMainViewController.swift */ = {isa = PBXFileReference; fileEncoding = 4; lastKnownFileType = sourcecode.swift; path = ProfileMainViewController.swift; sourceTree = "<group>"; };
		9CB8D6331C8BE99D007F39D4 /* TransitionManager.swift */ = {isa = PBXFileReference; fileEncoding = 4; lastKnownFileType = sourcecode.swift; path = TransitionManager.swift; sourceTree = "<group>"; };
		9CB8D6351C8BFE09007F39D4 /* TableViewCell.swift */ = {isa = PBXFileReference; fileEncoding = 4; lastKnownFileType = sourcecode.swift; path = TableViewCell.swift; sourceTree = "<group>"; };
		9CB8D6371C8C0A30007F39D4 /* ActivityViewController.swift */ = {isa = PBXFileReference; fileEncoding = 4; lastKnownFileType = sourcecode.swift; path = ActivityViewController.swift; sourceTree = "<group>"; };
/* End PBXFileReference section */

/* Begin PBXFrameworksBuildPhase section */
		9CB8D60B1C8B6BD6007F39D4 /* Frameworks */ = {
			isa = PBXFrameworksBuildPhase;
			buildActionMask = 2147483647;
			files = (
			);
			runOnlyForDeploymentPostprocessing = 0;
		};
/* End PBXFrameworksBuildPhase section */

/* Begin PBXGroup section */
		9C58A6FC1C8C427B0099ACCF /* TableViewCells */ = {
			isa = PBXGroup;
			children = (
				9CB8D6351C8BFE09007F39D4 /* TableViewCell.swift */,
				9C58A6FF1C8C430B0099ACCF /* BadgeTableViewCell.swift */,
			);
			name = TableViewCells;
			sourceTree = "<group>";
		};
		9C58A7011C8C92AE0099ACCF /* ActivityViews */ = {
			isa = PBXGroup;
			children = (
				9CB8D6371C8C0A30007F39D4 /* ActivityViewController.swift */,
				9C58A7021C8C92DC0099ACCF /* TaskViewController.swift */,
				9C58A7041C8CA0060099ACCF /* BadgeViewController.swift */,
			);
			name = ActivityViews;
			sourceTree = "<group>";
		};
		9C58A7061C8CA01C0099ACCF /* Managers */ = {
			isa = PBXGroup;
			children = (
				9C58A6FA1C8C226B0099ACCF /* DataManager.swift */,
				9CB8D6331C8BE99D007F39D4 /* TransitionManager.swift */,
			);
			name = Managers;
			sourceTree = "<group>";
		};
		9CB8D6051C8B6BD6007F39D4 = {
			isa = PBXGroup;
			children = (
				9CB8D6101C8B6BD6007F39D4 /* KnackApp */,
				9CB8D60F1C8B6BD6007F39D4 /* Products */,
			);
			sourceTree = "<group>";
		};
		9CB8D60F1C8B6BD6007F39D4 /* Products */ = {
			isa = PBXGroup;
			children = (
				9CB8D60E1C8B6BD6007F39D4 /* KnackApp.app */,
			);
			name = Products;
			sourceTree = "<group>";
		};
		9CB8D6101C8B6BD6007F39D4 /* KnackApp */ = {
			isa = PBXGroup;
			children = (
				9C58A7071C8CAAA80099ACCF /* Assets.xcassets */,
				9C58A7061C8CA01C0099ACCF /* Managers */,
				9C58A6FC1C8C427B0099ACCF /* TableViewCells */,
				9C58A6F51C8C15C90099ACCF /* ProfileStoryboard.storyboard */,
				9C58A6F61C8C15C90099ACCF /* ProfileViewController.swift */,
				9CB8D6111C8B6BD6007F39D4 /* AppDelegate.swift */,
				9CB8D6131C8B6BD6007F39D4 /* ListViewController.swift */,
				9CB8D6151C8B6BD6007F39D4 /* Main.storyboard */,
				9C58A7011C8C92AE0099ACCF /* ActivityViews */,
				9CB8D62F1C8BD92A007F39D4 /* ProfileMainViewController.swift */,
				9CB8D6251C8B9368007F39D4 /* test.storyboard */,
				9CB8D61A1C8B6BD6007F39D4 /* LaunchScreen.storyboard */,
				9CB8D61D1C8B6BD6007F39D4 /* Info.plist */,
			);
			path = KnackApp;
			sourceTree = "<group>";
		};
/* End PBXGroup section */

/* Begin PBXNativeTarget section */
		9CB8D60D1C8B6BD6007F39D4 /* KnackApp */ = {
			isa = PBXNativeTarget;
			buildConfigurationList = 9CB8D6201C8B6BD6007F39D4 /* Build configuration list for PBXNativeTarget "KnackApp" */;
			buildPhases = (
				9CB8D60A1C8B6BD6007F39D4 /* Sources */,
				9CB8D60B1C8B6BD6007F39D4 /* Frameworks */,
				9CB8D60C1C8B6BD6007F39D4 /* Resources */,
			);
			buildRules = (
			);
			dependencies = (
			);
			name = KnackApp;
			productName = KnackApp;
			productReference = 9CB8D60E1C8B6BD6007F39D4 /* KnackApp.app */;
			productType = "com.apple.product-type.application";
		};
/* End PBXNativeTarget section */

/* Begin PBXProject section */
		9CB8D6061C8B6BD6007F39D4 /* Project object */ = {
			isa = PBXProject;
			attributes = {
				LastSwiftUpdateCheck = 0720;
				LastUpgradeCheck = 0720;
				ORGANIZATIONNAME = "Sebastian Valdivia";
				TargetAttributes = {
					9CB8D60D1C8B6BD6007F39D4 = {
						CreatedOnToolsVersion = 7.2.1;
					};
				};
			};
			buildConfigurationList = 9CB8D6091C8B6BD6007F39D4 /* Build configuration list for PBXProject "KnackApp" */;
			compatibilityVersion = "Xcode 3.2";
			developmentRegion = English;
			hasScannedForEncodings = 0;
			knownRegions = (
				en,
				Base,
			);
			mainGroup = 9CB8D6051C8B6BD6007F39D4;
			productRefGroup = 9CB8D60F1C8B6BD6007F39D4 /* Products */;
			projectDirPath = "";
			projectRoot = "";
			targets = (
				9CB8D60D1C8B6BD6007F39D4 /* KnackApp */,
			);
		};
/* End PBXProject section */

/* Begin PBXResourcesBuildPhase section */
		9CB8D60C1C8B6BD6007F39D4 /* Resources */ = {
			isa = PBXResourcesBuildPhase;
			buildActionMask = 2147483647;
			files = (
				9CB8D61C1C8B6BD6007F39D4 /* LaunchScreen.storyboard in Resources */,
				9C58A6F81C8C15C90099ACCF /* ProfileStoryboard.storyboard in Resources */,
				9CB8D6261C8B9368007F39D4 /* test.storyboard in Resources */,
				9CB8D6171C8B6BD6007F39D4 /* Main.storyboard in Resources */,
				9C58A7081C8CAAA80099ACCF /* Assets.xcassets in Resources */,
			);
			runOnlyForDeploymentPostprocessing = 0;
		};
/* End PBXResourcesBuildPhase section */

/* Begin PBXSourcesBuildPhase section */
		9CB8D60A1C8B6BD6007F39D4 /* Sources */ = {
			isa = PBXSourcesBuildPhase;
			buildActionMask = 2147483647;
			files = (
				9CB8D6341C8BE99D007F39D4 /* TransitionManager.swift in Sources */,
				9CB8D6141C8B6BD6007F39D4 /* ListViewController.swift in Sources */,
				9CB8D6301C8BD92A007F39D4 /* ProfileMainViewController.swift in Sources */,
				9C58A7051C8CA0060099ACCF /* BadgeViewController.swift in Sources */,
				9CB8D6361C8BFE09007F39D4 /* TableViewCell.swift in Sources */,
				9C58A7001C8C430B0099ACCF /* BadgeTableViewCell.swift in Sources */,
				9CB8D6381C8C0A30007F39D4 /* ActivityViewController.swift in Sources */,
				9C58A6F91C8C15C90099ACCF /* ProfileViewController.swift in Sources */,
				9C58A7031C8C92DC0099ACCF /* TaskViewController.swift in Sources */,
				9C58A6FB1C8C226B0099ACCF /* DataManager.swift in Sources */,
				9CB8D6121C8B6BD6007F39D4 /* AppDelegate.swift in Sources */,
			);
			runOnlyForDeploymentPostprocessing = 0;
		};
/* End PBXSourcesBuildPhase section */

/* Begin PBXVariantGroup section */
		9CB8D6151C8B6BD6007F39D4 /* Main.storyboard */ = {
			isa = PBXVariantGroup;
			children = (
				9CB8D6161C8B6BD6007F39D4 /* Base */,
			);
			name = Main.storyboard;
			sourceTree = "<group>";
		};
		9CB8D61A1C8B6BD6007F39D4 /* LaunchScreen.storyboard */ = {
			isa = PBXVariantGroup;
			children = (
				9CB8D61B1C8B6BD6007F39D4 /* Base */,
			);
			name = LaunchScreen.storyboard;
			sourceTree = "<group>";
		};
/* End PBXVariantGroup section */

/* Begin XCBuildConfiguration section */
		9CB8D61E1C8B6BD6007F39D4 /* Debug */ = {
			isa = XCBuildConfiguration;
			buildSettings = {
				ALWAYS_SEARCH_USER_PATHS = NO;
				CLANG_CXX_LANGUAGE_STANDARD = "gnu++0x";
				CLANG_CXX_LIBRARY = "libc++";
				CLANG_ENABLE_MODULES = YES;
				CLANG_ENABLE_OBJC_ARC = YES;
				CLANG_WARN_BOOL_CONVERSION = YES;
				CLANG_WARN_CONSTANT_CONVERSION = YES;
				CLANG_WARN_DIRECT_OBJC_ISA_USAGE = YES_ERROR;
				CLANG_WARN_EMPTY_BODY = YES;
				CLANG_WARN_ENUM_CONVERSION = YES;
				CLANG_WARN_INT_CONVERSION = YES;
				CLANG_WARN_OBJC_ROOT_CLASS = YES_ERROR;
				CLANG_WARN_UNREACHABLE_CODE = YES;
				CLANG_WARN__DUPLICATE_METHOD_MATCH = YES;
				"CODE_SIGN_IDENTITY[sdk=iphoneos*]" = "iPhone Developer";
				COPY_PHASE_STRIP = NO;
				DEBUG_INFORMATION_FORMAT = dwarf;
				ENABLE_STRICT_OBJC_MSGSEND = YES;
				ENABLE_TESTABILITY = YES;
				GCC_C_LANGUAGE_STANDARD = gnu99;
				GCC_DYNAMIC_NO_PIC = NO;
				GCC_NO_COMMON_BLOCKS = YES;
				GCC_OPTIMIZATION_LEVEL = 0;
				GCC_PREPROCESSOR_DEFINITIONS = (
					"DEBUG=1",
					"$(inherited)",
				);
				GCC_WARN_64_TO_32_BIT_CONVERSION = YES;
				GCC_WARN_ABOUT_RETURN_TYPE = YES_ERROR;
				GCC_WARN_UNDECLARED_SELECTOR = YES;
				GCC_WARN_UNINITIALIZED_AUTOS = YES_AGGRESSIVE;
				GCC_WARN_UNUSED_FUNCTION = YES;
				GCC_WARN_UNUSED_VARIABLE = YES;
				IPHONEOS_DEPLOYMENT_TARGET = 9.2;
				MTL_ENABLE_DEBUG_INFO = YES;
				ONLY_ACTIVE_ARCH = YES;
				SDKROOT = iphoneos;
				SWIFT_OPTIMIZATION_LEVEL = "-Onone";
			};
			name = Debug;
		};
		9CB8D61F1C8B6BD6007F39D4 /* Release */ = {
			isa = XCBuildConfiguration;
			buildSettings = {
				ALWAYS_SEARCH_USER_PATHS = NO;
				CLANG_CXX_LANGUAGE_STANDARD = "gnu++0x";
				CLANG_CXX_LIBRARY = "libc++";
				CLANG_ENABLE_MODULES = YES;
				CLANG_ENABLE_OBJC_ARC = YES;
				CLANG_WARN_BOOL_CONVERSION = YES;
				CLANG_WARN_CONSTANT_CONVERSION = YES;
				CLANG_WARN_DIRECT_OBJC_ISA_USAGE = YES_ERROR;
				CLANG_WARN_EMPTY_BODY = YES;
				CLANG_WARN_ENUM_CONVERSION = YES;
				CLANG_WARN_INT_CONVERSION = YES;
				CLANG_WARN_OBJC_ROOT_CLASS = YES_ERROR;
				CLANG_WARN_UNREACHABLE_CODE = YES;
				CLANG_WARN__DUPLICATE_METHOD_MATCH = YES;
				"CODE_SIGN_IDENTITY[sdk=iphoneos*]" = "iPhone Developer";
				COPY_PHASE_STRIP = NO;
				DEBUG_INFORMATION_FORMAT = "dwarf-with-dsym";
				ENABLE_NS_ASSERTIONS = NO;
				ENABLE_STRICT_OBJC_MSGSEND = YES;
				GCC_C_LANGUAGE_STANDARD = gnu99;
				GCC_NO_COMMON_BLOCKS = YES;
				GCC_WARN_64_TO_32_BIT_CONVERSION = YES;
				GCC_WARN_ABOUT_RETURN_TYPE = YES_ERROR;
				GCC_WARN_UNDECLARED_SELECTOR = YES;
				GCC_WARN_UNINITIALIZED_AUTOS = YES_AGGRESSIVE;
				GCC_WARN_UNUSED_FUNCTION = YES;
				GCC_WARN_UNUSED_VARIABLE = YES;
				IPHONEOS_DEPLOYMENT_TARGET = 9.2;
				MTL_ENABLE_DEBUG_INFO = NO;
				SDKROOT = iphoneos;
				VALIDATE_PRODUCT = YES;
			};
			name = Release;
		};
		9CB8D6211C8B6BD6007F39D4 /* Debug */ = {
			isa = XCBuildConfiguration;
			buildSettings = {
				ASSETCATALOG_COMPILER_APPICON_NAME = AppIcon;
				INFOPLIST_FILE = KnackApp/Info.plist;
				LD_RUNPATH_SEARCH_PATHS = "$(inherited) @executable_path/Frameworks";
				PRODUCT_BUNDLE_IDENTIFIER = svs.KnackApp;
				PRODUCT_NAME = "$(TARGET_NAME)";
			};
			name = Debug;
		};
		9CB8D6221C8B6BD6007F39D4 /* Release */ = {
			isa = XCBuildConfiguration;
			buildSettings = {
				ASSETCATALOG_COMPILER_APPICON_NAME = AppIcon;
				INFOPLIST_FILE = KnackApp/Info.plist;
				LD_RUNPATH_SEARCH_PATHS = "$(inherited) @executable_path/Frameworks";
				PRODUCT_BUNDLE_IDENTIFIER = svs.KnackApp;
				PRODUCT_NAME = "$(TARGET_NAME)";
			};
			name = Release;
		};
/* End XCBuildConfiguration section */

/* Begin XCConfigurationList section */
		9CB8D6091C8B6BD6007F39D4 /* Build configuration list for PBXProject "KnackApp" */ = {
			isa = XCConfigurationList;
			buildConfigurations = (
				9CB8D61E1C8B6BD6007F39D4 /* Debug */,
				9CB8D61F1C8B6BD6007F39D4 /* Release */,
			);
			defaultConfigurationIsVisible = 0;
			defaultConfigurationName = Release;
		};
		9CB8D6201C8B6BD6007F39D4 /* Build configuration list for PBXNativeTarget "KnackApp" */ = {
			isa = XCConfigurationList;
			buildConfigurations = (
				9CB8D6211C8B6BD6007F39D4 /* Debug */,
				9CB8D6221C8B6BD6007F39D4 /* Release */,
			);
			defaultConfigurationIsVisible = 0;
			defaultConfigurationName = Release;
		};
/* End XCConfigurationList section */
	};
	rootObject = 9CB8D6061C8B6BD6007F39D4 /* Project object */;
}
